
Microsoft Visual Studio Solution File, Format Version 12.00
# Visual Studio Version 16
VisualStudioVersion = 16.0.31911.196
MinimumVisualStudioVersion = 10.0.40219.1
Project("{FAE04EC0-301F-11D3-BF4B-00C04F79EFBC}") = "Lab4_WpfApp1", "Lab4_WpfApp1\Lab4_WpfApp1.csproj", "{94ABE9E1-860A-4C38-852B-217E48D323AA}"
EndProject
Global
	GlobalSection(SolutionConfigurationPlatforms) = preSolution
		Debug|Any CPU = Debug|Any CPU
		Release|Any CPU = Release|Any CPU
	EndGlobalSection
	GlobalSection(ProjectConfigurationPlatforms) = postSolution
		{94ABE9E1-860A-4C38-852B-217E48D323AA}.Debug|Any CPU.ActiveCfg = Debug|Any CPU
		{94ABE9E1-860A-4C38-852B-217E48D323AA}.Debug|Any CPU.Build.0 = Debug|Any CPU
		{94ABE9E1-860A-4C38-852B-217E48D323AA}.Release|Any CPU.ActiveCfg = Release|Any CPU
		{94ABE9E1-860A-4C38-852B-217E48D323AA}.Release|Any CPU.Build.0 = Release|Any CPU
	EndGlobalSection
	GlobalSection(SolutionProperties) = preSolution
		HideSolutionNode = FALSE
	EndGlobalSection
	GlobalSection(ExtensibilityGlobals) = postSolution
		SolutionGuid = {AE5F4147-175B-4457-A4B2-AD6307180992}
	EndGlobalSection
EndGlobal
